
Microsoft Visual Studio Solution File, Format Version 10.00
# Visual Studio 2008
Project("{8BC9CEB8-8B4A-11D0-8D11-00A0C91BC942}") = "00_config", "00_config\00_config.vcproj", "{9026D959-A530-464A-8F9B-C8DDA510B8BB}"
EndProject
Project("{8BC9CEB8-8B4A-11D0-8D11-00A0C91BC942}") = "01_firstWindow", "01_firstWindow\01_firstWindow.vcproj", "{E48700F7-8233-4F27-867F-0D3E316805C5}"
EndProject
Project("{8BC9CEB8-8B4A-11D0-8D11-00A0C91BC942}") = "02_The first triangle", "02_The first triangle\02_The first triangle.vcproj", "{9458029A-9A23-40FE-812E-579CE641FF8B}"
EndProject
Global
	GlobalSection(SolutionConfigurationPlatforms) = preSolution
		Debug|Win32 = Debug|Win32
		Release|Win32 = Release|Win32
	EndGlobalSection
	GlobalSection(ProjectConfigurationPlatforms) = postSolution
		{9026D959-A530-464A-8F9B-C8DDA510B8BB}.Debug|Win32.ActiveCfg = Debug|Win32
		{9026D959-A530-464A-8F9B-C8DDA510B8BB}.Debug|Win32.Build.0 = Debug|Win32
		{9026D959-A530-464A-8F9B-C8DDA510B8BB}.Release|Win32.ActiveCfg = Release|Win32
		{9026D959-A530-464A-8F9B-C8DDA510B8BB}.Release|Win32.Build.0 = Release|Win32
		{E48700F7-8233-4F27-867F-0D3E316805C5}.Debug|Win32.ActiveCfg = Debug|Win32
		{E48700F7-8233-4F27-867F-0D3E316805C5}.Debug|Win32.Build.0 = Debug|Win32
		{E48700F7-8233-4F27-867F-0D3E316805C5}.Release|Win32.ActiveCfg = Release|Win32
		{E48700F7-8233-4F27-867F-0D3E316805C5}.Release|Win32.Build.0 = Release|Win32
		{9458029A-9A23-40FE-812E-579CE641FF8B}.Debug|Win32.ActiveCfg = Debug|Win32
		{9458029A-9A23-40FE-812E-579CE641FF8B}.Debug|Win32.Build.0 = Debug|Win32
		{9458029A-9A23-40FE-812E-579CE641FF8B}.Release|Win32.ActiveCfg = Release|Win32
		{9458029A-9A23-40FE-812E-579CE641FF8B}.Release|Win32.Build.0 = Release|Win32
	EndGlobalSection
	GlobalSection(SolutionProperties) = preSolution
		HideSolutionNode = FALSE
	EndGlobalSection
EndGlobal
